
Microsoft Visual Studio Solution File, Format Version 12.00
# Visual Studio Version 17
VisualStudioVersion = 17.4.33213.308
MinimumVisualStudioVersion = 10.0.40219.1
Project("{9A19103F-16F7-4668-BE54-9A1E7A4F7556}") = "Mindbox", "Mindbox.csproj", "{9DFFB4C1-D408-4FAF-B89E-E99823B18F6A}"
EndProject
Project("{9A19103F-16F7-4668-BE54-9A1E7A4F7556}") = "FigureLib", "..\Square\FigureLib.csproj", "{B4189989-601C-4EF2-9E99-E5E3E92347AE}"
EndProject
Project("{FAE04EC0-301F-11D3-BF4B-00C04F79EFBC}") = "TestProjectMindbox", "..\TestProjectMindbox\TestProjectMindbox.csproj", "{F3BE916C-EA98-48D0-B038-C82C40FDE4A7}"
EndProject
Global
	GlobalSection(SolutionConfigurationPlatforms) = preSolution
		Debug|Any CPU = Debug|Any CPU
		Release|Any CPU = Release|Any CPU
	EndGlobalSection
	GlobalSection(ProjectConfigurationPlatforms) = postSolution
		{9DFFB4C1-D408-4FAF-B89E-E99823B18F6A}.Debug|Any CPU.ActiveCfg = Debug|Any CPU
		{9DFFB4C1-D408-4FAF-B89E-E99823B18F6A}.Debug|Any CPU.Build.0 = Debug|Any CPU
		{9DFFB4C1-D408-4FAF-B89E-E99823B18F6A}.Release|Any CPU.ActiveCfg = Release|Any CPU
		{9DFFB4C1-D408-4FAF-B89E-E99823B18F6A}.Release|Any CPU.Build.0 = Release|Any CPU
		{B4189989-601C-4EF2-9E99-E5E3E92347AE}.Debug|Any CPU.ActiveCfg = Debug|Any CPU
		{B4189989-601C-4EF2-9E99-E5E3E92347AE}.Debug|Any CPU.Build.0 = Debug|Any CPU
		{B4189989-601C-4EF2-9E99-E5E3E92347AE}.Release|Any CPU.ActiveCfg = Release|Any CPU
		{B4189989-601C-4EF2-9E99-E5E3E92347AE}.Release|Any CPU.Build.0 = Release|Any CPU
		{F3BE916C-EA98-48D0-B038-C82C40FDE4A7}.Debug|Any CPU.ActiveCfg = Debug|Any CPU
		{F3BE916C-EA98-48D0-B038-C82C40FDE4A7}.Debug|Any CPU.Build.0 = Debug|Any CPU
		{F3BE916C-EA98-48D0-B038-C82C40FDE4A7}.Release|Any CPU.ActiveCfg = Release|Any CPU
		{F3BE916C-EA98-48D0-B038-C82C40FDE4A7}.Release|Any CPU.Build.0 = Release|Any CPU
	EndGlobalSection
	GlobalSection(SolutionProperties) = preSolution
		HideSolutionNode = FALSE
	EndGlobalSection
	GlobalSection(ExtensibilityGlobals) = postSolution
		SolutionGuid = {43776811-F182-4647-AEB2-1237D94CC1B4}
	EndGlobalSection
EndGlobal
